
Microsoft Visual Studio Solution File, Format Version 12.00
# Visual Studio Version 17
VisualStudioVersion = 17.10.35027.167
MinimumVisualStudioVersion = 10.0.40219.1
Project("{FAE04EC0-301F-11D3-BF4B-00C04F79EFBC}") = "Buoi3", "Buoi3\Buoi3.csproj", "{F700D33C-8E16-4D7F-9693-FD5A77867283}"
EndProject
Global
	GlobalSection(SolutionConfigurationPlatforms) = preSolution
		Debug|Any CPU = Debug|Any CPU
		Release|Any CPU = Release|Any CPU
	EndGlobalSection
	GlobalSection(ProjectConfigurationPlatforms) = postSolution
		{F700D33C-8E16-4D7F-9693-FD5A77867283}.Debug|Any CPU.ActiveCfg = Debug|Any CPU
		{F700D33C-8E16-4D7F-9693-FD5A77867283}.Debug|Any CPU.Build.0 = Debug|Any CPU
		{F700D33C-8E16-4D7F-9693-FD5A77867283}.Release|Any CPU.ActiveCfg = Release|Any CPU
		{F700D33C-8E16-4D7F-9693-FD5A77867283}.Release|Any CPU.Build.0 = Release|Any CPU
	EndGlobalSection
	GlobalSection(SolutionProperties) = preSolution
		HideSolutionNode = FALSE
	EndGlobalSection
	GlobalSection(ExtensibilityGlobals) = postSolution
		SolutionGuid = {DB08C258-D633-4DC9-B326-4D0AC77F85F5}
	EndGlobalSection
EndGlobal
